
Microsoft Visual Studio Solution File, Format Version 12.00
# Visual Studio Version 16
VisualStudioVersion = 16.0.28531.58
MinimumVisualStudioVersion = 10.0.40219.1
Project("{FAE04EC0-301F-11D3-BF4B-00C04F79EFBC}") = "LeagueOfNews.UWP", "LeagueOfNews.UWP\LeagueOfNews.UWP.csproj", "{96378F75-EE82-4E75-9189-EE9D60868CA7}"
EndProject
Project("{9A19103F-16F7-4668-BE54-9A1E7A4F7556}") = "LeagueOfNews.Core", "LeagueOfNews.Core\LeagueOfNews.Core.csproj", "{8D65A64C-9C6F-4F13-A159-D76631CFE8F7}"
EndProject
Project("{FAE04EC0-301F-11D3-BF4B-00C04F79EFBC}") = "LeagueOfNews.Forms.Android", "LeagueOfNews.Forms.Android\LeagueOfNews.Forms.Android.csproj", "{47BAF33B-374E-4379-B9B0-FAE6230ADED0}"
EndProject
Project("{9A19103F-16F7-4668-BE54-9A1E7A4F7556}") = "LeagueOfNews.Forms", "LeagueOfNews.Forms\LeagueOfNews.Forms.csproj", "{D2F5605C-8569-4A30-B614-982DC34EDC92}"
EndProject
Project("{9A19103F-16F7-4668-BE54-9A1E7A4F7556}") = "LeagueOfNews.WebApi", "LeagueOfNews.WebApi\LeagueOfNews.WebApi.csproj", "{1FFE6D83-2687-4CAD-9254-9D665E222C44}"
EndProject
Project("{9A19103F-16F7-4668-BE54-9A1E7A4F7556}") = "LeagueOfNews.Model", "LeagueOfNews.Model\LeagueOfNews.Model.csproj", "{20032F51-71E0-424E-B3EE-FD619CAA9420}"
EndProject
Project("{2150E333-8FDC-42A3-9474-1A3956D46DE8}") = "Backend", "Backend", "{B29A5941-0BC4-47ED-A875-DA415F307939}"
EndProject
Project("{2150E333-8FDC-42A3-9474-1A3956D46DE8}") = "Mobile", "Mobile", "{FC5D6FF6-B0FC-4AC4-A50F-B0BDA5833EBC}"
EndProject
Project("{2150E333-8FDC-42A3-9474-1A3956D46DE8}") = "Desktop", "Desktop", "{8DEE9C65-FD6A-4F07-B56C-E90BAFA544D9}"
EndProject
Project("{2150E333-8FDC-42A3-9474-1A3956D46DE8}") = "Solution Items", "Solution Items", "{D6AA5394-634E-4A73-811F-B85A0A4950DD}"
	ProjectSection(SolutionItems) = preProject
		.editorconfig = .editorconfig
		Settings.XamlStyler = Settings.XamlStyler
	EndProjectSection
EndProject
Project("{2150E333-8FDC-42A3-9474-1A3956D46DE8}") = "MobileNew", "MobileNew", "{CCE68950-5DB6-4114-9D08-A7E8E2229617}"
EndProject
Project("{9A19103F-16F7-4668-BE54-9A1E7A4F7556}") = "LeagueOfNewsNew.XF", "LeagueOfNewsNew.XF\LeagueOfNewsNew.XF.csproj", "{FF902BFF-8786-438A-AD40-5538A8C10F32}"
EndProject
Project("{FAE04EC0-301F-11D3-BF4B-00C04F79EFBC}") = "LeagueOfNewsNew.XF.Droid", "LeagueOfNewsNew.XF.Droid\LeagueOfNewsNew.XF.Droid.csproj", "{EB36F9A8-14D3-4884-B029-F9AB24534763}"
EndProject
Project("{FAE04EC0-301F-11D3-BF4B-00C04F79EFBC}") = "LeagueOfNewsNew.XF.iOS", "LeagueOfNewsNew.XF.iOS\LeagueOfNewsNew.XF.iOS.csproj", "{11DFBAB5-BEE7-478D-8976-BA9EEBE2FB95}"
EndProject
Project("{2150E333-8FDC-42A3-9474-1A3956D46DE8}") = "Shared", "Shared", "{DC3C665F-3E99-43E0-8EAF-788B94BA7235}"
EndProject
Project("{FAE04EC0-301F-11D3-BF4B-00C04F79EFBC}") = "LeagueOfNews.Utils", "LeagueOfNews.Utils\LeagueOfNews.Utils.csproj", "{6046A69E-3CED-4D1A-9135-5C92B115C17A}"
EndProject
Global
	GlobalSection(SolutionConfigurationPlatforms) = preSolution
		Debug|Any CPU = Debug|Any CPU
		Debug|ARM = Debug|ARM
		Debug|ARM64 = Debug|ARM64
		Debug|iPhone = Debug|iPhone
		Debug|iPhoneSimulator = Debug|iPhoneSimulator
		Debug|x64 = Debug|x64
		Debug|x86 = Debug|x86
		Release|Any CPU = Release|Any CPU
		Release|ARM = Release|ARM
		Release|ARM64 = Release|ARM64
		Release|iPhone = Release|iPhone
		Release|iPhoneSimulator = Release|iPhoneSimulator
		Release|x64 = Release|x64
		Release|x86 = Release|x86
	EndGlobalSection
	GlobalSection(ProjectConfigurationPlatforms) = postSolution
		{96378F75-EE82-4E75-9189-EE9D60868CA7}.Debug|Any CPU.ActiveCfg = Debug|x86
		{96378F75-EE82-4E75-9189-EE9D60868CA7}.Debug|ARM.ActiveCfg = Debug|ARM
		{96378F75-EE82-4E75-9189-EE9D60868CA7}.Debug|ARM.Build.0 = Debug|ARM
		{96378F75-EE82-4E75-9189-EE9D60868CA7}.Debug|ARM.Deploy.0 = Debug|ARM
		{96378F75-EE82-4E75-9189-EE9D60868CA7}.Debug|ARM64.ActiveCfg = Debug|ARM64
		{96378F75-EE82-4E75-9189-EE9D60868CA7}.Debug|ARM64.Build.0 = Debug|ARM64
		{96378F75-EE82-4E75-9189-EE9D60868CA7}.Debug|ARM64.Deploy.0 = Debug|ARM64
		{96378F75-EE82-4E75-9189-EE9D60868CA7}.Debug|iPhone.ActiveCfg = Debug|x86
		{96378F75-EE82-4E75-9189-EE9D60868CA7}.Debug|iPhoneSimulator.ActiveCfg = Debug|x86
		{96378F75-EE82-4E75-9189-EE9D60868CA7}.Debug|x64.ActiveCfg = Debug|x64
		{96378F75-EE82-4E75-9189-EE9D60868CA7}.Debug|x64.Build.0 = Debug|x64
		{96378F75-EE82-4E75-9189-EE9D60868CA7}.Debug|x64.Deploy.0 = Debug|x64
		{96378F75-EE82-4E75-9189-EE9D60868CA7}.Debug|x86.ActiveCfg = Debug|x86
		{96378F75-EE82-4E75-9189-EE9D60868CA7}.Debug|x86.Build.0 = Debug|x86
		{96378F75-EE82-4E75-9189-EE9D60868CA7}.Debug|x86.Deploy.0 = Debug|x86
		{96378F75-EE82-4E75-9189-EE9D60868CA7}.Release|Any CPU.ActiveCfg = Release|x86
		{96378F75-EE82-4E75-9189-EE9D60868CA7}.Release|Any CPU.Build.0 = Release|x86
		{96378F75-EE82-4E75-9189-EE9D60868CA7}.Release|Any CPU.Deploy.0 = Release|x86
		{96378F75-EE82-4E75-9189-EE9D60868CA7}.Release|ARM.ActiveCfg = Release|ARM
		{96378F75-EE82-4E75-9189-EE9D60868CA7}.Release|ARM.Build.0 = Release|ARM
		{96378F75-EE82-4E75-9189-EE9D60868CA7}.Release|ARM.Deploy.0 = Release|ARM
		{96378F75-EE82-4E75-9189-EE9D60868CA7}.Release|ARM64.ActiveCfg = Release|ARM64
		{96378F75-EE82-4E75-9189-EE9D60868CA7}.Release|ARM64.Build.0 = Release|ARM64
		{96378F75-EE82-4E75-9189-EE9D60868CA7}.Release|ARM64.Deploy.0 = Release|ARM64
		{96378F75-EE82-4E75-9189-EE9D60868CA7}.Release|iPhone.ActiveCfg = Release|x86
		{96378F75-EE82-4E75-9189-EE9D60868CA7}.Release|iPhoneSimulator.ActiveCfg = Release|x86
		{96378F75-EE82-4E75-9189-EE9D60868CA7}.Release|x64.ActiveCfg = Release|x64
		{96378F75-EE82-4E75-9189-EE9D60868CA7}.Release|x64.Build.0 = Release|x64
		{96378F75-EE82-4E75-9189-EE9D60868CA7}.Release|x64.Deploy.0 = Release|x64
		{96378F75-EE82-4E75-9189-EE9D60868CA7}.Release|x86.ActiveCfg = Release|x86
		{96378F75-EE82-4E75-9189-EE9D60868CA7}.Release|x86.Build.0 = Release|x86
		{96378F75-EE82-4E75-9189-EE9D60868CA7}.Release|x86.Deploy.0 = Release|x86
		{8D65A64C-9C6F-4F13-A159-D76631CFE8F7}.Debug|Any CPU.ActiveCfg = Debug|Any CPU
		{8D65A64C-9C6F-4F13-A159-D76631CFE8F7}.Debug|Any CPU.Build.0 = Debug|Any CPU
		{8D65A64C-9C6F-4F13-A159-D76631CFE8F7}.Debug|ARM.ActiveCfg = Debug|Any CPU
		{8D65A64C-9C6F-4F13-A159-D76631CFE8F7}.Debug|ARM.Build.0 = Debug|Any CPU
		{8D65A64C-9C6F-4F13-A159-D76631CFE8F7}.Debug|ARM64.ActiveCfg = Debug|Any CPU
		{8D65A64C-9C6F-4F13-A159-D76631CFE8F7}.Debug|ARM64.Build.0 = Debug|Any CPU
		{8D65A64C-9C6F-4F13-A159-D76631CFE8F7}.Debug|iPhone.ActiveCfg = Debug|Any CPU
		{8D65A64C-9C6F-4F13-A159-D76631CFE8F7}.Debug|iPhone.Build.0 = Debug|Any CPU
		{8D65A64C-9C6F-4F13-A159-D76631CFE8F7}.Debug|iPhoneSimulator.ActiveCfg = Debug|Any CPU
		{8D65A64C-9C6F-4F13-A159-D76631CFE8F7}.Debug|iPhoneSimulator.Build.0 = Debug|Any CPU
		{8D65A64C-9C6F-4F13-A159-D76631CFE8F7}.Debug|x64.ActiveCfg = Debug|Any CPU
		{8D65A64C-9C6F-4F13-A159-D76631CFE8F7}.Debug|x64.Build.0 = Debug|Any CPU
		{8D65A64C-9C6F-4F13-A159-D76631CFE8F7}.Debug|x86.ActiveCfg = Debug|Any CPU
		{8D65A64C-9C6F-4F13-A159-D76631CFE8F7}.Debug|x86.Build.0 = Debug|Any CPU
		{8D65A64C-9C6F-4F13-A159-D76631CFE8F7}.Release|Any CPU.ActiveCfg = Release|Any CPU
		{8D65A64C-9C6F-4F13-A159-D76631CFE8F7}.Release|Any CPU.Build.0 = Release|Any CPU
		{8D65A64C-9C6F-4F13-A159-D76631CFE8F7}.Release|ARM.ActiveCfg = Release|Any CPU
		{8D65A64C-9C6F-4F13-A159-D76631CFE8F7}.Release|ARM.Build.0 = Release|Any CPU
		{8D65A64C-9C6F-4F13-A159-D76631CFE8F7}.Release|ARM64.ActiveCfg = Release|Any CPU
		{8D65A64C-9C6F-4F13-A159-D76631CFE8F7}.Release|ARM64.Build.0 = Release|Any CPU
		{8D65A64C-9C6F-4F13-A159-D76631CFE8F7}.Release|iPhone.ActiveCfg = Release|Any CPU
		{8D65A64C-9C6F-4F13-A159-D76631CFE8F7}.Release|iPhone.Build.0 = Release|Any CPU
		{8D65A64C-9C6F-4F13-A159-D76631CFE8F7}.Release|iPhoneSimulator.ActiveCfg = Release|Any CPU
		{8D65A64C-9C6F-4F13-A159-D76631CFE8F7}.Release|iPhoneSimulator.Build.0 = Release|Any CPU
		{8D65A64C-9C6F-4F13-A159-D76631CFE8F7}.Release|x64.ActiveCfg = Release|Any CPU
		{8D65A64C-9C6F-4F13-A159-D76631CFE8F7}.Release|x64.Build.0 = Release|Any CPU
		{8D65A64C-9C6F-4F13-A159-D76631CFE8F7}.Release|x86.ActiveCfg = Release|Any CPU
		{8D65A64C-9C6F-4F13-A159-D76631CFE8F7}.Release|x86.Build.0 = Release|Any CPU
		{47BAF33B-374E-4379-B9B0-FAE6230ADED0}.Debug|Any CPU.ActiveCfg = Debug|Any CPU
		{47BAF33B-374E-4379-B9B0-FAE6230ADED0}.Debug|Any CPU.Build.0 = Debug|Any CPU
		{47BAF33B-374E-4379-B9B0-FAE6230ADED0}.Debug|Any CPU.Deploy.0 = Debug|Any CPU
		{47BAF33B-374E-4379-B9B0-FAE6230ADED0}.Debug|ARM.ActiveCfg = Debug|Any CPU
		{47BAF33B-374E-4379-B9B0-FAE6230ADED0}.Debug|ARM.Build.0 = Debug|Any CPU
		{47BAF33B-374E-4379-B9B0-FAE6230ADED0}.Debug|ARM.Deploy.0 = Debug|Any CPU
		{47BAF33B-374E-4379-B9B0-FAE6230ADED0}.Debug|ARM64.ActiveCfg = Debug|Any CPU
		{47BAF33B-374E-4379-B9B0-FAE6230ADED0}.Debug|ARM64.Build.0 = Debug|Any CPU
		{47BAF33B-374E-4379-B9B0-FAE6230ADED0}.Debug|ARM64.Deploy.0 = Debug|Any CPU
		{47BAF33B-374E-4379-B9B0-FAE6230ADED0}.Debug|iPhone.ActiveCfg = Debug|Any CPU
		{47BAF33B-374E-4379-B9B0-FAE6230ADED0}.Debug|iPhone.Build.0 = Debug|Any CPU
		{47BAF33B-374E-4379-B9B0-FAE6230ADED0}.Debug|iPhone.Deploy.0 = Debug|Any CPU
		{47BAF33B-374E-4379-B9B0-FAE6230ADED0}.Debug|iPhoneSimulator.ActiveCfg = Debug|Any CPU
		{47BAF33B-374E-4379-B9B0-FAE6230ADED0}.Debug|iPhoneSimulator.Build.0 = Debug|Any CPU
		{47BAF33B-374E-4379-B9B0-FAE6230ADED0}.Debug|iPhoneSimulator.Deploy.0 = Debug|Any CPU
		{47BAF33B-374E-4379-B9B0-FAE6230ADED0}.Debug|x64.ActiveCfg = Debug|Any CPU
		{47BAF33B-374E-4379-B9B0-FAE6230ADED0}.Debug|x64.Build.0 = Debug|Any CPU
		{47BAF33B-374E-4379-B9B0-FAE6230ADED0}.Debug|x64.Deploy.0 = Debug|Any CPU
		{47BAF33B-374E-4379-B9B0-FAE6230ADED0}.Debug|x86.ActiveCfg = Debug|Any CPU
		{47BAF33B-374E-4379-B9B0-FAE6230ADED0}.Debug|x86.Build.0 = Debug|Any CPU
		{47BAF33B-374E-4379-B9B0-FAE6230ADED0}.Debug|x86.Deploy.0 = Debug|Any CPU
		{47BAF33B-374E-4379-B9B0-FAE6230ADED0}.Release|Any CPU.ActiveCfg = Release|Any CPU
		{47BAF33B-374E-4379-B9B0-FAE6230ADED0}.Release|Any CPU.Build.0 = Release|Any CPU
		{47BAF33B-374E-4379-B9B0-FAE6230ADED0}.Release|Any CPU.Deploy.0 = Release|Any CPU
		{47BAF33B-374E-4379-B9B0-FAE6230ADED0}.Release|ARM.ActiveCfg = Release|Any CPU
		{47BAF33B-374E-4379-B9B0-FAE6230ADED0}.Release|ARM.Build.0 = Release|Any CPU
		{47BAF33B-374E-4379-B9B0-FAE6230ADED0}.Release|ARM.Deploy.0 = Release|Any CPU
		{47BAF33B-374E-4379-B9B0-FAE6230ADED0}.Release|ARM64.ActiveCfg = Release|Any CPU
		{47BAF33B-374E-4379-B9B0-FAE6230ADED0}.Release|ARM64.Build.0 = Release|Any CPU
		{47BAF33B-374E-4379-B9B0-FAE6230ADED0}.Release|ARM64.Deploy.0 = Release|Any CPU
		{47BAF33B-374E-4379-B9B0-FAE6230ADED0}.Release|iPhone.ActiveCfg = Release|Any CPU
		{47BAF33B-374E-4379-B9B0-FAE6230ADED0}.Release|iPhone.Build.0 = Release|Any CPU
		{47BAF33B-374E-4379-B9B0-FAE6230ADED0}.Release|iPhone.Deploy.0 = Release|Any CPU
		{47BAF33B-374E-4379-B9B0-FAE6230ADED0}.Release|iPhoneSimulator.ActiveCfg = Release|Any CPU
		{47BAF33B-374E-4379-B9B0-FAE6230ADED0}.Release|iPhoneSimulator.Build.0 = Release|Any CPU
		{47BAF33B-374E-4379-B9B0-FAE6230ADED0}.Release|iPhoneSimulator.Deploy.0 = Release|Any CPU
		{47BAF33B-374E-4379-B9B0-FAE6230ADED0}.Release|x64.ActiveCfg = Release|Any CPU
		{47BAF33B-374E-4379-B9B0-FAE6230ADED0}.Release|x64.Build.0 = Release|Any CPU
		{47BAF33B-374E-4379-B9B0-FAE6230ADED0}.Release|x64.Deploy.0 = Release|Any CPU
		{47BAF33B-374E-4379-B9B0-FAE6230ADED0}.Release|x86.ActiveCfg = Release|Any CPU
		{47BAF33B-374E-4379-B9B0-FAE6230ADED0}.Release|x86.Build.0 = Release|Any CPU
		{47BAF33B-374E-4379-B9B0-FAE6230ADED0}.Release|x86.Deploy.0 = Release|Any CPU
		{D2F5605C-8569-4A30-B614-982DC34EDC92}.Debug|Any CPU.ActiveCfg = Debug|Any CPU
		{D2F5605C-8569-4A30-B614-982DC34EDC92}.Debug|Any CPU.Build.0 = Debug|Any CPU
		{D2F5605C-8569-4A30-B614-982DC34EDC92}.Debug|ARM.ActiveCfg = Debug|Any CPU
		{D2F5605C-8569-4A30-B614-982DC34EDC92}.Debug|ARM.Build.0 = Debug|Any CPU
		{D2F5605C-8569-4A30-B614-982DC34EDC92}.Debug|ARM64.ActiveCfg = Debug|Any CPU
		{D2F5605C-8569-4A30-B614-982DC34EDC92}.Debug|ARM64.Build.0 = Debug|Any CPU
		{D2F5605C-8569-4A30-B614-982DC34EDC92}.Debug|iPhone.ActiveCfg = Debug|Any CPU
		{D2F5605C-8569-4A30-B614-982DC34EDC92}.Debug|iPhone.Build.0 = Debug|Any CPU
		{D2F5605C-8569-4A30-B614-982DC34EDC92}.Debug|iPhoneSimulator.ActiveCfg = Debug|Any CPU
		{D2F5605C-8569-4A30-B614-982DC34EDC92}.Debug|iPhoneSimulator.Build.0 = Debug|Any CPU
		{D2F5605C-8569-4A30-B614-982DC34EDC92}.Debug|x64.ActiveCfg = Debug|Any CPU
		{D2F5605C-8569-4A30-B614-982DC34EDC92}.Debug|x64.Build.0 = Debug|Any CPU
		{D2F5605C-8569-4A30-B614-982DC34EDC92}.Debug|x86.ActiveCfg = Debug|Any CPU
		{D2F5605C-8569-4A30-B614-982DC34EDC92}.Debug|x86.Build.0 = Debug|Any CPU
		{D2F5605C-8569-4A30-B614-982DC34EDC92}.Release|Any CPU.ActiveCfg = Release|Any CPU
		{D2F5605C-8569-4A30-B614-982DC34EDC92}.Release|Any CPU.Build.0 = Release|Any CPU
		{D2F5605C-8569-4A30-B614-982DC34EDC92}.Release|ARM.ActiveCfg = Release|Any CPU
		{D2F5605C-8569-4A30-B614-982DC34EDC92}.Release|ARM.Build.0 = Release|Any CPU
		{D2F5605C-8569-4A30-B614-982DC34EDC92}.Release|ARM64.ActiveCfg = Release|Any CPU
		{D2F5605C-8569-4A30-B614-982DC34EDC92}.Release|ARM64.Build.0 = Release|Any CPU
		{D2F5605C-8569-4A30-B614-982DC34EDC92}.Release|iPhone.ActiveCfg = Release|Any CPU
		{D2F5605C-8569-4A30-B614-982DC34EDC92}.Release|iPhone.Build.0 = Release|Any CPU
		{D2F5605C-8569-4A30-B614-982DC34EDC92}.Release|iPhoneSimulator.ActiveCfg = Release|Any CPU
		{D2F5605C-8569-4A30-B614-982DC34EDC92}.Release|iPhoneSimulator.Build.0 = Release|Any CPU
		{D2F5605C-8569-4A30-B614-982DC34EDC92}.Release|x64.ActiveCfg = Release|Any CPU
		{D2F5605C-8569-4A30-B614-982DC34EDC92}.Release|x64.Build.0 = Release|Any CPU
		{D2F5605C-8569-4A30-B614-982DC34EDC92}.Release|x86.ActiveCfg = Release|Any CPU
		{D2F5605C-8569-4A30-B614-982DC34EDC92}.Release|x86.Build.0 = Release|Any CPU
		{1FFE6D83-2687-4CAD-9254-9D665E222C44}.Debug|Any CPU.ActiveCfg = Debug|Any CPU
		{1FFE6D83-2687-4CAD-9254-9D665E222C44}.Debug|Any CPU.Build.0 = Debug|Any CPU
		{1FFE6D83-2687-4CAD-9254-9D665E222C44}.Debug|ARM.ActiveCfg = Debug|Any CPU
		{1FFE6D83-2687-4CAD-9254-9D665E222C44}.Debug|ARM.Build.0 = Debug|Any CPU
		{1FFE6D83-2687-4CAD-9254-9D665E222C44}.Debug|ARM64.ActiveCfg = Debug|Any CPU
		{1FFE6D83-2687-4CAD-9254-9D665E222C44}.Debug|ARM64.Build.0 = Debug|Any CPU
		{1FFE6D83-2687-4CAD-9254-9D665E222C44}.Debug|iPhone.ActiveCfg = Debug|Any CPU
		{1FFE6D83-2687-4CAD-9254-9D665E222C44}.Debug|iPhone.Build.0 = Debug|Any CPU
		{1FFE6D83-2687-4CAD-9254-9D665E222C44}.Debug|iPhoneSimulator.ActiveCfg = Debug|Any CPU
		{1FFE6D83-2687-4CAD-9254-9D665E222C44}.Debug|iPhoneSimulator.Build.0 = Debug|Any CPU
		{1FFE6D83-2687-4CAD-9254-9D665E222C44}.Debug|x64.ActiveCfg = Debug|Any CPU
		{1FFE6D83-2687-4CAD-9254-9D665E222C44}.Debug|x64.Build.0 = Debug|Any CPU
		{1FFE6D83-2687-4CAD-9254-9D665E222C44}.Debug|x86.ActiveCfg = Debug|Any CPU
		{1FFE6D83-2687-4CAD-9254-9D665E222C44}.Debug|x86.Build.0 = Debug|Any CPU
		{1FFE6D83-2687-4CAD-9254-9D665E222C44}.Release|Any CPU.ActiveCfg = Release|Any CPU
		{1FFE6D83-2687-4CAD-9254-9D665E222C44}.Release|Any CPU.Build.0 = Release|Any CPU
		{1FFE6D83-2687-4CAD-9254-9D665E222C44}.Release|ARM.ActiveCfg = Release|Any CPU
		{1FFE6D83-2687-4CAD-9254-9D665E222C44}.Release|ARM.Build.0 = Release|Any CPU
		{1FFE6D83-2687-4CAD-9254-9D665E222C44}.Release|ARM64.ActiveCfg = Release|Any CPU
		{1FFE6D83-2687-4CAD-9254-9D665E222C44}.Release|ARM64.Build.0 = Release|Any CPU
		{1FFE6D83-2687-4CAD-9254-9D665E222C44}.Release|iPhone.ActiveCfg = Release|Any CPU
		{1FFE6D83-2687-4CAD-9254-9D665E222C44}.Release|iPhone.Build.0 = Release|Any CPU
		{1FFE6D83-2687-4CAD-9254-9D665E222C44}.Release|iPhoneSimulator.ActiveCfg = Release|Any CPU
		{1FFE6D83-2687-4CAD-9254-9D665E222C44}.Release|iPhoneSimulator.Build.0 = Release|Any CPU
		{1FFE6D83-2687-4CAD-9254-9D665E222C44}.Release|x64.ActiveCfg = Release|Any CPU
		{1FFE6D83-2687-4CAD-9254-9D665E222C44}.Release|x64.Build.0 = Release|Any CPU
		{1FFE6D83-2687-4CAD-9254-9D665E222C44}.Release|x86.ActiveCfg = Release|Any CPU
		{1FFE6D83-2687-4CAD-9254-9D665E222C44}.Release|x86.Build.0 = Release|Any CPU
		{20032F51-71E0-424E-B3EE-FD619CAA9420}.Debug|Any CPU.ActiveCfg = Debug|Any CPU
		{20032F51-71E0-424E-B3EE-FD619CAA9420}.Debug|Any CPU.Build.0 = Debug|Any CPU
		{20032F51-71E0-424E-B3EE-FD619CAA9420}.Debug|ARM.ActiveCfg = Debug|Any CPU
		{20032F51-71E0-424E-B3EE-FD619CAA9420}.Debug|ARM.Build.0 = Debug|Any CPU
		{20032F51-71E0-424E-B3EE-FD619CAA9420}.Debug|ARM64.ActiveCfg = Debug|Any CPU
		{20032F51-71E0-424E-B3EE-FD619CAA9420}.Debug|ARM64.Build.0 = Debug|Any CPU
		{20032F51-71E0-424E-B3EE-FD619CAA9420}.Debug|iPhone.ActiveCfg = Debug|Any CPU
		{20032F51-71E0-424E-B3EE-FD619CAA9420}.Debug|iPhone.Build.0 = Debug|Any CPU
		{20032F51-71E0-424E-B3EE-FD619CAA9420}.Debug|iPhoneSimulator.ActiveCfg = Debug|Any CPU
		{20032F51-71E0-424E-B3EE-FD619CAA9420}.Debug|iPhoneSimulator.Build.0 = Debug|Any CPU
		{20032F51-71E0-424E-B3EE-FD619CAA9420}.Debug|x64.ActiveCfg = Debug|Any CPU
		{20032F51-71E0-424E-B3EE-FD619CAA9420}.Debug|x64.Build.0 = Debug|Any CPU
		{20032F51-71E0-424E-B3EE-FD619CAA9420}.Debug|x86.ActiveCfg = Debug|Any CPU
		{20032F51-71E0-424E-B3EE-FD619CAA9420}.Debug|x86.Build.0 = Debug|Any CPU
		{20032F51-71E0-424E-B3EE-FD619CAA9420}.Release|Any CPU.ActiveCfg = Release|Any CPU
		{20032F51-71E0-424E-B3EE-FD619CAA9420}.Release|Any CPU.Build.0 = Release|Any CPU
		{20032F51-71E0-424E-B3EE-FD619CAA9420}.Release|ARM.ActiveCfg = Release|Any CPU
		{20032F51-71E0-424E-B3EE-FD619CAA9420}.Release|ARM.Build.0 = Release|Any CPU
		{20032F51-71E0-424E-B3EE-FD619CAA9420}.Release|ARM64.ActiveCfg = Release|Any CPU
		{20032F51-71E0-424E-B3EE-FD619CAA9420}.Release|ARM64.Build.0 = Release|Any CPU
		{20032F51-71E0-424E-B3EE-FD619CAA9420}.Release|iPhone.ActiveCfg = Release|Any CPU
		{20032F51-71E0-424E-B3EE-FD619CAA9420}.Release|iPhone.Build.0 = Release|Any CPU
		{20032F51-71E0-424E-B3EE-FD619CAA9420}.Release|iPhoneSimulator.ActiveCfg = Release|Any CPU
		{20032F51-71E0-424E-B3EE-FD619CAA9420}.Release|iPhoneSimulator.Build.0 = Release|Any CPU
		{20032F51-71E0-424E-B3EE-FD619CAA9420}.Release|x64.ActiveCfg = Release|Any CPU
		{20032F51-71E0-424E-B3EE-FD619CAA9420}.Release|x64.Build.0 = Release|Any CPU
		{20032F51-71E0-424E-B3EE-FD619CAA9420}.Release|x86.ActiveCfg = Release|Any CPU
		{20032F51-71E0-424E-B3EE-FD619CAA9420}.Release|x86.Build.0 = Release|Any CPU
		{FF902BFF-8786-438A-AD40-5538A8C10F32}.Debug|Any CPU.ActiveCfg = Debug|Any CPU
		{FF902BFF-8786-438A-AD40-5538A8C10F32}.Debug|Any CPU.Build.0 = Debug|Any CPU
		{FF902BFF-8786-438A-AD40-5538A8C10F32}.Debug|ARM.ActiveCfg = Debug|Any CPU
		{FF902BFF-8786-438A-AD40-5538A8C10F32}.Debug|ARM.Build.0 = Debug|Any CPU
		{FF902BFF-8786-438A-AD40-5538A8C10F32}.Debug|ARM64.ActiveCfg = Debug|Any CPU
		{FF902BFF-8786-438A-AD40-5538A8C10F32}.Debug|ARM64.Build.0 = Debug|Any CPU
		{FF902BFF-8786-438A-AD40-5538A8C10F32}.Debug|iPhone.ActiveCfg = Debug|Any CPU
		{FF902BFF-8786-438A-AD40-5538A8C10F32}.Debug|iPhone.Build.0 = Debug|Any CPU
		{FF902BFF-8786-438A-AD40-5538A8C10F32}.Debug|iPhoneSimulator.ActiveCfg = Debug|Any CPU
		{FF902BFF-8786-438A-AD40-5538A8C10F32}.Debug|iPhoneSimulator.Build.0 = Debug|Any CPU
		{FF902BFF-8786-438A-AD40-5538A8C10F32}.Debug|x64.ActiveCfg = Debug|Any CPU
		{FF902BFF-8786-438A-AD40-5538A8C10F32}.Debug|x64.Build.0 = Debug|Any CPU
		{FF902BFF-8786-438A-AD40-5538A8C10F32}.Debug|x86.ActiveCfg = Debug|Any CPU
		{FF902BFF-8786-438A-AD40-5538A8C10F32}.Debug|x86.Build.0 = Debug|Any CPU
		{FF902BFF-8786-438A-AD40-5538A8C10F32}.Release|Any CPU.ActiveCfg = Release|Any CPU
		{FF902BFF-8786-438A-AD40-5538A8C10F32}.Release|Any CPU.Build.0 = Release|Any CPU
		{FF902BFF-8786-438A-AD40-5538A8C10F32}.Release|ARM.ActiveCfg = Release|Any CPU
		{FF902BFF-8786-438A-AD40-5538A8C10F32}.Release|ARM.Build.0 = Release|Any CPU
		{FF902BFF-8786-438A-AD40-5538A8C10F32}.Release|ARM64.ActiveCfg = Release|Any CPU
		{FF902BFF-8786-438A-AD40-5538A8C10F32}.Release|ARM64.Build.0 = Release|Any CPU
		{FF902BFF-8786-438A-AD40-5538A8C10F32}.Release|iPhone.ActiveCfg = Release|Any CPU
		{FF902BFF-8786-438A-AD40-5538A8C10F32}.Release|iPhone.Build.0 = Release|Any CPU
		{FF902BFF-8786-438A-AD40-5538A8C10F32}.Release|iPhoneSimulator.ActiveCfg = Release|Any CPU
		{FF902BFF-8786-438A-AD40-5538A8C10F32}.Release|iPhoneSimulator.Build.0 = Release|Any CPU
		{FF902BFF-8786-438A-AD40-5538A8C10F32}.Release|x64.ActiveCfg = Release|Any CPU
		{FF902BFF-8786-438A-AD40-5538A8C10F32}.Release|x64.Build.0 = Release|Any CPU
		{FF902BFF-8786-438A-AD40-5538A8C10F32}.Release|x86.ActiveCfg = Release|Any CPU
		{FF902BFF-8786-438A-AD40-5538A8C10F32}.Release|x86.Build.0 = Release|Any CPU
		{EB36F9A8-14D3-4884-B029-F9AB24534763}.Debug|Any CPU.ActiveCfg = Debug|Any CPU
		{EB36F9A8-14D3-4884-B029-F9AB24534763}.Debug|Any CPU.Build.0 = Debug|Any CPU
		{EB36F9A8-14D3-4884-B029-F9AB24534763}.Debug|Any CPU.Deploy.0 = Debug|Any CPU
		{EB36F9A8-14D3-4884-B029-F9AB24534763}.Debug|ARM.ActiveCfg = Debug|Any CPU
		{EB36F9A8-14D3-4884-B029-F9AB24534763}.Debug|ARM.Build.0 = Debug|Any CPU
		{EB36F9A8-14D3-4884-B029-F9AB24534763}.Debug|ARM.Deploy.0 = Debug|Any CPU
		{EB36F9A8-14D3-4884-B029-F9AB24534763}.Debug|ARM64.ActiveCfg = Debug|Any CPU
		{EB36F9A8-14D3-4884-B029-F9AB24534763}.Debug|ARM64.Build.0 = Debug|Any CPU
		{EB36F9A8-14D3-4884-B029-F9AB24534763}.Debug|ARM64.Deploy.0 = Debug|Any CPU
		{EB36F9A8-14D3-4884-B029-F9AB24534763}.Debug|iPhone.ActiveCfg = Debug|Any CPU
		{EB36F9A8-14D3-4884-B029-F9AB24534763}.Debug|iPhone.Build.0 = Debug|Any CPU
		{EB36F9A8-14D3-4884-B029-F9AB24534763}.Debug|iPhone.Deploy.0 = Debug|Any CPU
		{EB36F9A8-14D3-4884-B029-F9AB24534763}.Debug|iPhoneSimulator.ActiveCfg = Debug|Any CPU
		{EB36F9A8-14D3-4884-B029-F9AB24534763}.Debug|iPhoneSimulator.Build.0 = Debug|Any CPU
		{EB36F9A8-14D3-4884-B029-F9AB24534763}.Debug|iPhoneSimulator.Deploy.0 = Debug|Any CPU
		{EB36F9A8-14D3-4884-B029-F9AB24534763}.Debug|x64.ActiveCfg = Debug|Any CPU
		{EB36F9A8-14D3-4884-B029-F9AB24534763}.Debug|x64.Build.0 = Debug|Any CPU
		{EB36F9A8-14D3-4884-B029-F9AB24534763}.Debug|x64.Deploy.0 = Debug|Any CPU
		{EB36F9A8-14D3-4884-B029-F9AB24534763}.Debug|x86.ActiveCfg = Debug|Any CPU
		{EB36F9A8-14D3-4884-B029-F9AB24534763}.Debug|x86.Build.0 = Debug|Any CPU
		{EB36F9A8-14D3-4884-B029-F9AB24534763}.Debug|x86.Deploy.0 = Debug|Any CPU
		{EB36F9A8-14D3-4884-B029-F9AB24534763}.Release|Any CPU.ActiveCfg = Release|Any CPU
		{EB36F9A8-14D3-4884-B029-F9AB24534763}.Release|Any CPU.Build.0 = Release|Any CPU
		{EB36F9A8-14D3-4884-B029-F9AB24534763}.Release|Any CPU.Deploy.0 = Release|Any CPU
		{EB36F9A8-14D3-4884-B029-F9AB24534763}.Release|ARM.ActiveCfg = Release|Any CPU
		{EB36F9A8-14D3-4884-B029-F9AB24534763}.Release|ARM.Build.0 = Release|Any CPU
		{EB36F9A8-14D3-4884-B029-F9AB24534763}.Release|ARM.Deploy.0 = Release|Any CPU
		{EB36F9A8-14D3-4884-B029-F9AB24534763}.Release|ARM64.ActiveCfg = Release|Any CPU
		{EB36F9A8-14D3-4884-B029-F9AB24534763}.Release|ARM64.Build.0 = Release|Any CPU
		{EB36F9A8-14D3-4884-B029-F9AB24534763}.Release|ARM64.Deploy.0 = Release|Any CPU
		{EB36F9A8-14D3-4884-B029-F9AB24534763}.Release|iPhone.ActiveCfg = Release|Any CPU
		{EB36F9A8-14D3-4884-B029-F9AB24534763}.Release|iPhone.Build.0 = Release|Any CPU
		{EB36F9A8-14D3-4884-B029-F9AB24534763}.Release|iPhone.Deploy.0 = Release|Any CPU
		{EB36F9A8-14D3-4884-B029-F9AB24534763}.Release|iPhoneSimulator.ActiveCfg = Release|Any CPU
		{EB36F9A8-14D3-4884-B029-F9AB24534763}.Release|iPhoneSimulator.Build.0 = Release|Any CPU
		{EB36F9A8-14D3-4884-B029-F9AB24534763}.Release|iPhoneSimulator.Deploy.0 = Release|Any CPU
		{EB36F9A8-14D3-4884-B029-F9AB24534763}.Release|x64.ActiveCfg = Release|Any CPU
		{EB36F9A8-14D3-4884-B029-F9AB24534763}.Release|x64.Build.0 = Release|Any CPU
		{EB36F9A8-14D3-4884-B029-F9AB24534763}.Release|x64.Deploy.0 = Release|Any CPU
		{EB36F9A8-14D3-4884-B029-F9AB24534763}.Release|x86.ActiveCfg = Release|Any CPU
		{EB36F9A8-14D3-4884-B029-F9AB24534763}.Release|x86.Build.0 = Release|Any CPU
		{EB36F9A8-14D3-4884-B029-F9AB24534763}.Release|x86.Deploy.0 = Release|Any CPU
		{11DFBAB5-BEE7-478D-8976-BA9EEBE2FB95}.Debug|Any CPU.ActiveCfg = Debug|iPhone
		{11DFBAB5-BEE7-478D-8976-BA9EEBE2FB95}.Debug|ARM.ActiveCfg = Debug|iPhone
		{11DFBAB5-BEE7-478D-8976-BA9EEBE2FB95}.Debug|ARM64.ActiveCfg = Debug|iPhone
		{11DFBAB5-BEE7-478D-8976-BA9EEBE2FB95}.Debug|iPhone.ActiveCfg = Debug|iPhone
		{11DFBAB5-BEE7-478D-8976-BA9EEBE2FB95}.Debug|iPhone.Build.0 = Debug|iPhone
		{11DFBAB5-BEE7-478D-8976-BA9EEBE2FB95}.Debug|iPhoneSimulator.ActiveCfg = Debug|iPhoneSimulator
		{11DFBAB5-BEE7-478D-8976-BA9EEBE2FB95}.Debug|iPhoneSimulator.Build.0 = Debug|iPhoneSimulator
		{11DFBAB5-BEE7-478D-8976-BA9EEBE2FB95}.Debug|x64.ActiveCfg = Debug|iPhone
		{11DFBAB5-BEE7-478D-8976-BA9EEBE2FB95}.Debug|x86.ActiveCfg = Debug|iPhone
		{11DFBAB5-BEE7-478D-8976-BA9EEBE2FB95}.Release|Any CPU.ActiveCfg = Release|iPhone
		{11DFBAB5-BEE7-478D-8976-BA9EEBE2FB95}.Release|ARM.ActiveCfg = Release|iPhone
		{11DFBAB5-BEE7-478D-8976-BA9EEBE2FB95}.Release|ARM64.ActiveCfg = Release|iPhone
		{11DFBAB5-BEE7-478D-8976-BA9EEBE2FB95}.Release|iPhone.ActiveCfg = Release|iPhone
		{11DFBAB5-BEE7-478D-8976-BA9EEBE2FB95}.Release|iPhone.Build.0 = Release|iPhone
		{11DFBAB5-BEE7-478D-8976-BA9EEBE2FB95}.Release|iPhoneSimulator.ActiveCfg = Release|iPhoneSimulator
		{11DFBAB5-BEE7-478D-8976-BA9EEBE2FB95}.Release|iPhoneSimulator.Build.0 = Release|iPhoneSimulator
		{11DFBAB5-BEE7-478D-8976-BA9EEBE2FB95}.Release|x64.ActiveCfg = Release|iPhone
		{11DFBAB5-BEE7-478D-8976-BA9EEBE2FB95}.Release|x86.ActiveCfg = Release|iPhone
		{6046A69E-3CED-4D1A-9135-5C92B115C17A}.Debug|Any CPU.ActiveCfg = Debug|Any CPU
		{6046A69E-3CED-4D1A-9135-5C92B115C17A}.Debug|Any CPU.Build.0 = Debug|Any CPU
		{6046A69E-3CED-4D1A-9135-5C92B115C17A}.Debug|ARM.ActiveCfg = Debug|Any CPU
		{6046A69E-3CED-4D1A-9135-5C92B115C17A}.Debug|ARM.Build.0 = Debug|Any CPU
		{6046A69E-3CED-4D1A-9135-5C92B115C17A}.Debug|ARM64.ActiveCfg = Debug|Any CPU
		{6046A69E-3CED-4D1A-9135-5C92B115C17A}.Debug|ARM64.Build.0 = Debug|Any CPU
		{6046A69E-3CED-4D1A-9135-5C92B115C17A}.Debug|iPhone.ActiveCfg = Debug|Any CPU
		{6046A69E-3CED-4D1A-9135-5C92B115C17A}.Debug|iPhone.Build.0 = Debug|Any CPU
		{6046A69E-3CED-4D1A-9135-5C92B115C17A}.Debug|iPhoneSimulator.ActiveCfg = Debug|Any CPU
		{6046A69E-3CED-4D1A-9135-5C92B115C17A}.Debug|iPhoneSimulator.Build.0 = Debug|Any CPU
		{6046A69E-3CED-4D1A-9135-5C92B115C17A}.Debug|x64.ActiveCfg = Debug|Any CPU
		{6046A69E-3CED-4D1A-9135-5C92B115C17A}.Debug|x64.Build.0 = Debug|Any CPU
		{6046A69E-3CED-4D1A-9135-5C92B115C17A}.Debug|x86.ActiveCfg = Debug|Any CPU
		{6046A69E-3CED-4D1A-9135-5C92B115C17A}.Debug|x86.Build.0 = Debug|Any CPU
		{6046A69E-3CED-4D1A-9135-5C92B115C17A}.Release|Any CPU.ActiveCfg = Release|Any CPU
		{6046A69E-3CED-4D1A-9135-5C92B115C17A}.Release|Any CPU.Build.0 = Release|Any CPU
		{6046A69E-3CED-4D1A-9135-5C92B115C17A}.Release|ARM.ActiveCfg = Release|Any CPU
		{6046A69E-3CED-4D1A-9135-5C92B115C17A}.Release|ARM.Build.0 = Release|Any CPU
		{6046A69E-3CED-4D1A-9135-5C92B115C17A}.Release|ARM64.ActiveCfg = Release|Any CPU
		{6046A69E-3CED-4D1A-9135-5C92B115C17A}.Release|ARM64.Build.0 = Release|Any CPU
		{6046A69E-3CED-4D1A-9135-5C92B115C17A}.Release|iPhone.ActiveCfg = Release|Any CPU
		{6046A69E-3CED-4D1A-9135-5C92B115C17A}.Release|iPhone.Build.0 = Release|Any CPU
		{6046A69E-3CED-4D1A-9135-5C92B115C17A}.Release|iPhoneSimulator.ActiveCfg = Release|Any CPU
		{6046A69E-3CED-4D1A-9135-5C92B115C17A}.Release|iPhoneSimulator.Build.0 = Release|Any CPU
		{6046A69E-3CED-4D1A-9135-5C92B115C17A}.Release|x64.ActiveCfg = Release|Any CPU
		{6046A69E-3CED-4D1A-9135-5C92B115C17A}.Release|x64.Build.0 = Release|Any CPU
		{6046A69E-3CED-4D1A-9135-5C92B115C17A}.Release|x86.ActiveCfg = Release|Any CPU
		{6046A69E-3CED-4D1A-9135-5C92B115C17A}.Release|x86.Build.0 = Release|Any CPU
	EndGlobalSection
	GlobalSection(SolutionProperties) = preSolution
		HideSolutionNode = FALSE
	EndGlobalSection
	GlobalSection(NestedProjects) = preSolution
		{96378F75-EE82-4E75-9189-EE9D60868CA7} = {8DEE9C65-FD6A-4F07-B56C-E90BAFA544D9}
		{8D65A64C-9C6F-4F13-A159-D76631CFE8F7} = {FC5D6FF6-B0FC-4AC4-A50F-B0BDA5833EBC}
		{47BAF33B-374E-4379-B9B0-FAE6230ADED0} = {FC5D6FF6-B0FC-4AC4-A50F-B0BDA5833EBC}
		{D2F5605C-8569-4A30-B614-982DC34EDC92} = {FC5D6FF6-B0FC-4AC4-A50F-B0BDA5833EBC}
		{1FFE6D83-2687-4CAD-9254-9D665E222C44} = {B29A5941-0BC4-47ED-A875-DA415F307939}
		{20032F51-71E0-424E-B3EE-FD619CAA9420} = {DC3C665F-3E99-43E0-8EAF-788B94BA7235}
		{FF902BFF-8786-438A-AD40-5538A8C10F32} = {CCE68950-5DB6-4114-9D08-A7E8E2229617}
		{EB36F9A8-14D3-4884-B029-F9AB24534763} = {CCE68950-5DB6-4114-9D08-A7E8E2229617}
		{11DFBAB5-BEE7-478D-8976-BA9EEBE2FB95} = {CCE68950-5DB6-4114-9D08-A7E8E2229617}
		{6046A69E-3CED-4D1A-9135-5C92B115C17A} = {DC3C665F-3E99-43E0-8EAF-788B94BA7235}
	EndGlobalSection
	GlobalSection(ExtensibilityGlobals) = postSolution
		SolutionGuid = {3342EA97-3D5A-45FB-BD97-AB84FB137799}
	EndGlobalSection
EndGlobal
