
Microsoft Visual Studio Solution File, Format Version 12.00
# Visual Studio 15
VisualStudioVersion = 15.0.27703.2042
MinimumVisualStudioVersion = 10.0.40219.1
Project("{FAE04EC0-301F-11D3-BF4B-00C04F79EFBC}") = "Surrender@20", "Surrender@20.csproj", "{96378F75-EE82-4E75-9189-EE9D60868CA7}"
EndProject
Global
	GlobalSection(SolutionConfigurationPlatforms) = preSolution
		Debug|ARM = Debug|ARM
		Debug|x64 = Debug|x64
		Debug|x86 = Debug|x86
		Release|ARM = Release|ARM
		Release|x64 = Release|x64
		Release|x86 = Release|x86
	EndGlobalSection
	GlobalSection(ProjectConfigurationPlatforms) = postSolution
		{96378F75-EE82-4E75-9189-EE9D60868CA7}.Debug|ARM.ActiveCfg = Debug|ARM
		{96378F75-EE82-4E75-9189-EE9D60868CA7}.Debug|ARM.Build.0 = Debug|ARM
		{96378F75-EE82-4E75-9189-EE9D60868CA7}.Debug|ARM.Deploy.0 = Debug|ARM
		{96378F75-EE82-4E75-9189-EE9D60868CA7}.Debug|x64.ActiveCfg = Debug|x64
		{96378F75-EE82-4E75-9189-EE9D60868CA7}.Debug|x64.Build.0 = Debug|x64
		{96378F75-EE82-4E75-9189-EE9D60868CA7}.Debug|x64.Deploy.0 = Debug|x64
		{96378F75-EE82-4E75-9189-EE9D60868CA7}.Debug|x86.ActiveCfg = Debug|x86
		{96378F75-EE82-4E75-9189-EE9D60868CA7}.Debug|x86.Build.0 = Debug|x86
		{96378F75-EE82-4E75-9189-EE9D60868CA7}.Debug|x86.Deploy.0 = Debug|x86
		{96378F75-EE82-4E75-9189-EE9D60868CA7}.Release|ARM.ActiveCfg = Release|ARM
		{96378F75-EE82-4E75-9189-EE9D60868CA7}.Release|ARM.Build.0 = Release|ARM
		{96378F75-EE82-4E75-9189-EE9D60868CA7}.Release|ARM.Deploy.0 = Release|ARM
		{96378F75-EE82-4E75-9189-EE9D60868CA7}.Release|x64.ActiveCfg = Release|x64
		{96378F75-EE82-4E75-9189-EE9D60868CA7}.Release|x64.Build.0 = Release|x64
		{96378F75-EE82-4E75-9189-EE9D60868CA7}.Release|x64.Deploy.0 = Release|x64
		{96378F75-EE82-4E75-9189-EE9D60868CA7}.Release|x86.ActiveCfg = Release|x86
		{96378F75-EE82-4E75-9189-EE9D60868CA7}.Release|x86.Build.0 = Release|x86
		{96378F75-EE82-4E75-9189-EE9D60868CA7}.Release|x86.Deploy.0 = Release|x86
	EndGlobalSection
	GlobalSection(SolutionProperties) = preSolution
		HideSolutionNode = FALSE
	EndGlobalSection
	GlobalSection(ExtensibilityGlobals) = postSolution
		SolutionGuid = {3342EA97-3D5A-45FB-BD97-AB84FB137799}
	EndGlobalSection
EndGlobal
